
Microsoft Visual Studio Solution File, Format Version 12.00
# Visual Studio Version 16
VisualStudioVersion = 16.0.810.20
MinimumVisualStudioVersion = 10.0.40219.1
Project("{FAE04EC0-301F-11D3-BF4B-00C04F79EFBC}") = "HMW_Generics", "HMW_Generics\HMW_Generics.csproj", "{0608D821-1C20-48DF-9DDE-763772459731}"
EndProject
Global
	GlobalSection(SolutionConfigurationPlatforms) = preSolution
		Debug|Any CPU = Debug|Any CPU
		Release|Any CPU = Release|Any CPU
	EndGlobalSection
	GlobalSection(ProjectConfigurationPlatforms) = postSolution
		{0608D821-1C20-48DF-9DDE-763772459731}.Debug|Any CPU.ActiveCfg = Debug|Any CPU
		{0608D821-1C20-48DF-9DDE-763772459731}.Debug|Any CPU.Build.0 = Debug|Any CPU
		{0608D821-1C20-48DF-9DDE-763772459731}.Release|Any CPU.ActiveCfg = Release|Any CPU
		{0608D821-1C20-48DF-9DDE-763772459731}.Release|Any CPU.Build.0 = Release|Any CPU
	EndGlobalSection
	GlobalSection(SolutionProperties) = preSolution
		HideSolutionNode = FALSE
	EndGlobalSection
	GlobalSection(ExtensibilityGlobals) = postSolution
		SolutionGuid = {9DDABD15-02D8-448C-89EF-0877736536C6}
	EndGlobalSection
EndGlobal
